Microsoft Visual Studio Solution File, Format Version 12.00
# Visual Studio 14
VisualStudioVersion = 14.0.25420.1
MinimumVisualStudioVersion = 10.0.40219.1
Project("{FAE04EC0-301F-11D3-BF4B-00C04F79EFBC}") = "Rebus.Etcd", "Rebus.Etcd\Rebus.Etcd.csproj", "{BCF3D5DF-82B5-4252-91C5-35E8ABFC18BF}"
EndProject
Project("{FAE04EC0-301F-11D3-BF4B-00C04F79EFBC}") = "Rebus.Etcd.Tests", "Rebus.Etcd.Tests\Rebus.Etcd.Tests.csproj", "{F756E6E3-A65A-4A22-98A1-237FB5928BF8}"
EndProject
Global
	GlobalSection(SolutionConfigurationPlatforms) = preSolution
		Debug|Any CPU = Debug|Any CPU
		Release|Any CPU = Release|Any CPU
	EndGlobalSection
	GlobalSection(ProjectConfigurationPlatforms) = postSolution
		{BCF3D5DF-82B5-4252-91C5-35E8ABFC18BF}.Debug|Any CPU.ActiveCfg = Debug|Any CPU
		{BCF3D5DF-82B5-4252-91C5-35E8ABFC18BF}.Debug|Any CPU.Build.0 = Debug|Any CPU
		{BCF3D5DF-82B5-4252-91C5-35E8ABFC18BF}.Release|Any CPU.ActiveCfg = Release|Any CPU
		{BCF3D5DF-82B5-4252-91C5-35E8ABFC18BF}.Release|Any CPU.Build.0 = Release|Any CPU
		{F756E6E3-A65A-4A22-98A1-237FB5928BF8}.Debug|Any CPU.ActiveCfg = Debug|Any CPU
		{F756E6E3-A65A-4A22-98A1-237FB5928BF8}.Debug|Any CPU.Build.0 = Debug|Any CPU
		{F756E6E3-A65A-4A22-98A1-237FB5928BF8}.Release|Any CPU.ActiveCfg = Release|Any CPU
		{F756E6E3-A65A-4A22-98A1-237FB5928BF8}.Release|Any CPU.Build.0 = Release|Any CPU
	EndGlobalSection
	GlobalSection(SolutionProperties) = preSolution
		HideSolutionNode = FALSE
	EndGlobalSection
EndGlobal
